
Microsoft Visual Studio Solution File, Format Version 12.00
# Visual Studio 15
VisualStudioVersion = 15.0.26124.0
MinimumVisualStudioVersion = 15.0.26124.0
Project("{2150E333-8FDC-42A3-9474-1A3956D46DE8}") = "src", "src", "{FA355645-0A6A-456F-806B-69E7CD1CEEF6}"
EndProject
Project("{FAE04EC0-301F-11D3-BF4B-00C04F79EFBC}") = "GradeBook", "src\GradeBook\GradeBook.csproj", "{CDC6B681-F45C-409A-B889-ECF624B3541B}"
EndProject
Project("{2150E333-8FDC-42A3-9474-1A3956D46DE8}") = "test", "test", "{8DC7F88D-C721-4238-91EE-E0ABF5A24EF6}"
EndProject
Project("{FAE04EC0-301F-11D3-BF4B-00C04F79EFBC}") = "GradeBook.Tests", "test\GradeBook.Tests\GradeBook.Tests.csproj", "{A7FAF264-6805-4B77-B62B-3C61431D1167}"
EndProject
Global
	GlobalSection(SolutionConfigurationPlatforms) = preSolution
		Debug|Any CPU = Debug|Any CPU
		Debug|x64 = Debug|x64
		Debug|x86 = Debug|x86
		Release|Any CPU = Release|Any CPU
		Release|x64 = Release|x64
		Release|x86 = Release|x86
	EndGlobalSection
	GlobalSection(SolutionProperties) = preSolution
		HideSolutionNode = FALSE
	EndGlobalSection
	GlobalSection(ProjectConfigurationPlatforms) = postSolution
		{CDC6B681-F45C-409A-B889-ECF624B3541B}.Debug|Any CPU.ActiveCfg = Debug|Any CPU
		{CDC6B681-F45C-409A-B889-ECF624B3541B}.Debug|Any CPU.Build.0 = Debug|Any CPU
		{CDC6B681-F45C-409A-B889-ECF624B3541B}.Debug|x64.ActiveCfg = Debug|Any CPU
		{CDC6B681-F45C-409A-B889-ECF624B3541B}.Debug|x64.Build.0 = Debug|Any CPU
		{CDC6B681-F45C-409A-B889-ECF624B3541B}.Debug|x86.ActiveCfg = Debug|Any CPU
		{CDC6B681-F45C-409A-B889-ECF624B3541B}.Debug|x86.Build.0 = Debug|Any CPU
		{CDC6B681-F45C-409A-B889-ECF624B3541B}.Release|Any CPU.ActiveCfg = Release|Any CPU
		{CDC6B681-F45C-409A-B889-ECF624B3541B}.Release|Any CPU.Build.0 = Release|Any CPU
		{CDC6B681-F45C-409A-B889-ECF624B3541B}.Release|x64.ActiveCfg = Release|Any CPU
		{CDC6B681-F45C-409A-B889-ECF624B3541B}.Release|x64.Build.0 = Release|Any CPU
		{CDC6B681-F45C-409A-B889-ECF624B3541B}.Release|x86.ActiveCfg = Release|Any CPU
		{CDC6B681-F45C-409A-B889-ECF624B3541B}.Release|x86.Build.0 = Release|Any CPU
		{A7FAF264-6805-4B77-B62B-3C61431D1167}.Debug|Any CPU.ActiveCfg = Debug|Any CPU
		{A7FAF264-6805-4B77-B62B-3C61431D1167}.Debug|Any CPU.Build.0 = Debug|Any CPU
		{A7FAF264-6805-4B77-B62B-3C61431D1167}.Debug|x64.ActiveCfg = Debug|Any CPU
		{A7FAF264-6805-4B77-B62B-3C61431D1167}.Debug|x64.Build.0 = Debug|Any CPU
		{A7FAF264-6805-4B77-B62B-3C61431D1167}.Debug|x86.ActiveCfg = Debug|Any CPU
		{A7FAF264-6805-4B77-B62B-3C61431D1167}.Debug|x86.Build.0 = Debug|Any CPU
		{A7FAF264-6805-4B77-B62B-3C61431D1167}.Release|Any CPU.ActiveCfg = Release|Any CPU
		{A7FAF264-6805-4B77-B62B-3C61431D1167}.Release|Any CPU.Build.0 = Release|Any CPU
		{A7FAF264-6805-4B77-B62B-3C61431D1167}.Release|x64.ActiveCfg = Release|Any CPU
		{A7FAF264-6805-4B77-B62B-3C61431D1167}.Release|x64.Build.0 = Release|Any CPU
		{A7FAF264-6805-4B77-B62B-3C61431D1167}.Release|x86.ActiveCfg = Release|Any CPU
		{A7FAF264-6805-4B77-B62B-3C61431D1167}.Release|x86.Build.0 = Release|Any CPU
	EndGlobalSection
	GlobalSection(NestedProjects) = preSolution
		{CDC6B681-F45C-409A-B889-ECF624B3541B} = {FA355645-0A6A-456F-806B-69E7CD1CEEF6}
		{A7FAF264-6805-4B77-B62B-3C61431D1167} = {8DC7F88D-C721-4238-91EE-E0ABF5A24EF6}
	EndGlobalSection
EndGlobal
